// !$*UTF8*$!
{
	archiveVersion = 1;
	classes = {
	};
	objectVersion = 46;
	objects = {

/* Begin PBXBuildFile section */
		9E4A1F5B1ED773210044F3DD /* FuelPriceItem.swift in Sources */ = {isa = PBXBuildFile; fileRef = 9E4A1F5A1ED773210044F3DD /* FuelPriceItem.swift */; };
		9E4A1F661ED9DEAA0044F3DD /* CFPEnumerators.swift in Sources */ = {isa = PBXBuildFile; fileRef = 9E4A1F651ED9DEAA0044F3DD /* CFPEnumerators.swift */; };
		9E4A1F681ED9E34C0044F3DD /* FuelType.swift in Sources */ = {isa = PBXBuildFile; fileRef = 9E4A1F671ED9E34C0044F3DD /* FuelType.swift */; };
		9E4A1F711EDB19370044F3DD /* Utils.swift in Sources */ = {isa = PBXBuildFile; fileRef = 9E4A1F701EDB19370044F3DD /* Utils.swift */; };
		9E4A1F731EDB22D90044F3DD /* Double+Extension.swift in Sources */ = {isa = PBXBuildFile; fileRef = 9E4A1F721EDB22D90044F3DD /* Double+Extension.swift */; };
		9E4A1F8C1EDDF45D0044F3DD /* FuelInfoTab.storyboard in Resources */ = {isa = PBXBuildFile; fileRef = 9E4A1F8B1EDDF45D0044F3DD /* FuelInfoTab.storyboard */; };
		9E4A1F8E1EDDF48F0044F3DD /* Statistics.storyboard in Resources */ = {isa = PBXBuildFile; fileRef = 9E4A1F8D1EDDF48F0044F3DD /* Statistics.storyboard */; };
		9E4A1F921EDE0C1D0044F3DD /* FuelInfoTopTableViewCell.swift in Sources */ = {isa = PBXBuildFile; fileRef = 9E4A1F911EDE0C1D0044F3DD /* FuelInfoTopTableViewCell.swift */; };
		9E4A1F941EDE0DC70044F3DD /* FuelInfoViewController.swift in Sources */ = {isa = PBXBuildFile; fileRef = 9E4A1F931EDE0DC70044F3DD /* FuelInfoViewController.swift */; };
		9E4A1F981EDEFF240044F3DD /* Enum+Extensions.swift in Sources */ = {isa = PBXBuildFile; fileRef = 9E4A1F971EDEFF240044F3DD /* Enum+Extensions.swift */; };
		9E4A1FB81EE093E30044F3DD /* SettingsViewController.swift in Sources */ = {isa = PBXBuildFile; fileRef = 9E4A1FB71EE093E30044F3DD /* SettingsViewController.swift */; };
		9E4A1FBB1EE0AAEC0044F3DD /* Settings.storyboard in Resources */ = {isa = PBXBuildFile; fileRef = 9E4A1FBA1EE0AAEC0044F3DD /* Settings.storyboard */; };
		9E4A1FBD1EE0AC550044F3DD /* UserProfile.storyboard in Resources */ = {isa = PBXBuildFile; fileRef = 9E4A1FBC1EE0AC550044F3DD /* UserProfile.storyboard */; };
		9E5C842F1EA0CC5800C7DFA7 /* Kanna.framework in Frameworks */ = {isa = PBXBuildFile; fileRef = 9E5C842D1EA0CC5800C7DFA7 /* Kanna.framework */; };
		9E5C84301EA0CC5800C7DFA7 /* Kanna.framework in Embed Frameworks */ = {isa = PBXBuildFile; fileRef = 9E5C842D1EA0CC5800C7DFA7 /* Kanna.framework */; settings = {ATTRIBUTES = (CodeSignOnCopy, RemoveHeadersOnCopy, ); }; };
		9E5C84311EA0CC5800C7DFA7 /* SwiftyBeaver.framework in Frameworks */ = {isa = PBXBuildFile; fileRef = 9E5C842E1EA0CC5800C7DFA7 /* SwiftyBeaver.framework */; };
		9E5C84321EA0CC5800C7DFA7 /* SwiftyBeaver.framework in Embed Frameworks */ = {isa = PBXBuildFile; fileRef = 9E5C842E1EA0CC5800C7DFA7 /* SwiftyBeaver.framework */; settings = {ATTRIBUTES = (CodeSignOnCopy, RemoveHeadersOnCopy, ); }; };
		9E5C84391EA1038E00C7DFA7 /* WSUtils.swift in Sources */ = {isa = PBXBuildFile; fileRef = 9E5C84381EA1038E00C7DFA7 /* WSUtils.swift */; };
		9E9E7F201EE157370006414D /* MainTabBarViewController.swift in Sources */ = {isa = PBXBuildFile; fileRef = 9E9E7F1F1EE157370006414D /* MainTabBarViewController.swift */; };
		9EA203201EA0BDBB00F18A3A /* AppDelegate.swift in Sources */ = {isa = PBXBuildFile; fileRef = 9EA2031F1EA0BDBB00F18A3A /* AppDelegate.swift */; };
		9EA203251EA0BDBB00F18A3A /* Main.storyboard in Resources */ = {isa = PBXBuildFile; fileRef = 9EA203231EA0BDBB00F18A3A /* Main.storyboard */; };
		9EA203271EA0BDBC00F18A3A /* Assets.xcassets in Resources */ = {isa = PBXBuildFile; fileRef = 9EA203261EA0BDBC00F18A3A /* Assets.xcassets */; };
		9EA2032A1EA0BDBC00F18A3A /* LaunchScreen.storyboard in Resources */ = {isa = PBXBuildFile; fileRef = 9EA203281EA0BDBC00F18A3A /* LaunchScreen.storyboard */; };
		9EA203351EA0BDBC00F18A3A /* CheckFuelPriceTests.swift in Sources */ = {isa = PBXBuildFile; fileRef = 9EA203341EA0BDBC00F18A3A /* CheckFuelPriceTests.swift */; };
		9EA203411EA0BEA900F18A3A /* String+Extension.swift in Sources */ = {isa = PBXBuildFile; fileRef = 9EA203401EA0BEA900F18A3A /* String+Extension.swift */; };
		9EA2035C1EA0C11500F18A3A /* Localizable.strings in Resources */ = {isa = PBXBuildFile; fileRef = 9EA2035E1EA0C11500F18A3A /* Localizable.strings */; };
		9EAC4BC01ECF0FA000F7B81B /* GoogleService-Info.plist in Resources */ = {isa = PBXBuildFile; fileRef = 9EAC4BBF1ECF0FA000F7B81B /* GoogleService-Info.plist */; };
		D18E1728AB6C0C65ECC47628 /* Pods_CheckFuelPrice.framework in Frameworks */ = {isa = PBXBuildFile; fileRef = 37FDA4F736424C282B0BB13B /* Pods_CheckFuelPrice.framework */; };
/* End PBXBuildFile section */

/* Begin PBXContainerItemProxy section */
		9EA203311EA0BDBC00F18A3A /* PBXContainerItemProxy */ = {
			isa = PBXContainerItemProxy;
			containerPortal = 9EA203141EA0BDBB00F18A3A /* Project object */;
			proxyType = 1;
			remoteGlobalIDString = 9EA2031B1EA0BDBB00F18A3A;
			remoteInfo = CheckFuelPrice;
		};
/* End PBXContainerItemProxy section */

/* Begin PBXCopyFilesBuildPhase section */
		9E5C84331EA0CC5800C7DFA7 /* Embed Frameworks */ = {
			isa = PBXCopyFilesBuildPhase;
			buildActionMask = 2147483647;
			dstPath = "";
			dstSubfolderSpec = 10;
			files = (
				9E5C84301EA0CC5800C7DFA7 /* Kanna.framework in Embed Frameworks */,
				9E5C84321EA0CC5800C7DFA7 /* SwiftyBeaver.framework in Embed Frameworks */,
			);
			name = "Embed Frameworks";
			runOnlyForDeploymentPostprocessing = 0;
		};
/* End PBXCopyFilesBuildPhase section */

/* Begin PBXFileReference section */
		37FDA4F736424C282B0BB13B /* Pods_CheckFuelPrice.framework */ = {isa = PBXFileReference; explicitFileType = wrapper.framework; includeInIndex = 0; path = Pods_CheckFuelPrice.framework; sourceTree = BUILT_PRODUCTS_DIR; };
		8F946C05CD007F6243D65606 /* Pods-CheckFuelPrice.debug.xcconfig */ = {isa = PBXFileReference; includeInIndex = 1; lastKnownFileType = text.xcconfig; name = "Pods-CheckFuelPrice.debug.xcconfig"; path = "Pods/Target Support Files/Pods-CheckFuelPrice/Pods-CheckFuelPrice.debug.xcconfig"; sourceTree = "<group>"; };
		9E4A1F5A1ED773210044F3DD /* FuelPriceItem.swift */ = {isa = PBXFileReference; fileEncoding = 4; lastKnownFileType = sourcecode.swift; path = FuelPriceItem.swift; sourceTree = "<group>"; };
		9E4A1F601ED775760044F3DD /* CheckFuelPrice-Bridging-Header.h */ = {isa = PBXFileReference; fileEncoding = 4; lastKnownFileType = sourcecode.c.h; path = "CheckFuelPrice-Bridging-Header.h"; sourceTree = "<group>"; };
		9E4A1F651ED9DEAA0044F3DD /* CFPEnumerators.swift */ = {isa = PBXFileReference; fileEncoding = 4; lastKnownFileType = sourcecode.swift; path = CFPEnumerators.swift; sourceTree = "<group>"; };
		9E4A1F671ED9E34C0044F3DD /* FuelType.swift */ = {isa = PBXFileReference; fileEncoding = 4; lastKnownFileType = sourcecode.swift; path = FuelType.swift; sourceTree = "<group>"; };
		9E4A1F701EDB19370044F3DD /* Utils.swift */ = {isa = PBXFileReference; fileEncoding = 4; lastKnownFileType = sourcecode.swift; path = Utils.swift; sourceTree = "<group>"; };
		9E4A1F721EDB22D90044F3DD /* Double+Extension.swift */ = {isa = PBXFileReference; fileEncoding = 4; lastKnownFileType = sourcecode.swift; path = "Double+Extension.swift"; sourceTree = "<group>"; };
		9E4A1F8B1EDDF45D0044F3DD /* FuelInfoTab.storyboard */ = {isa = PBXFileReference; fileEncoding = 4; lastKnownFileType = file.storyboard; path = FuelInfoTab.storyboard; sourceTree = "<group>"; };
		9E4A1F8D1EDDF48F0044F3DD /* Statistics.storyboard */ = {isa = PBXFileReference; fileEncoding = 4; lastKnownFileType = file.storyboard; path = Statistics.storyboard; sourceTree = "<group>"; };
		9E4A1F911EDE0C1D0044F3DD /* FuelInfoTopTableViewCell.swift */ = {isa = PBXFileReference; fileEncoding = 4; lastKnownFileType = sourcecode.swift; path = FuelInfoTopTableViewCell.swift; sourceTree = "<group>"; };
		9E4A1F931EDE0DC70044F3DD /* FuelInfoViewController.swift */ = {isa = PBXFileReference; fileEncoding = 4; lastKnownFileType = sourcecode.swift; path = FuelInfoViewController.swift; sourceTree = "<group>"; };
		9E4A1F971EDEFF240044F3DD /* Enum+Extensions.swift */ = {isa = PBXFileReference; fileEncoding = 4; lastKnownFileType = sourcecode.swift; path = "Enum+Extensions.swift"; sourceTree = "<group>"; };
		9E4A1FB71EE093E30044F3DD /* SettingsViewController.swift */ = {isa = PBXFileReference; fileEncoding = 4; lastKnownFileType = sourcecode.swift; name = SettingsViewController.swift; path = Layout/Settings/SettingsViewController.swift; sourceTree = "<group>"; };
		9E4A1FBA1EE0AAEC0044F3DD /* Settings.storyboard */ = {isa = PBXFileReference; fileEncoding = 4; lastKnownFileType = file.storyboard; name = Settings.storyboard; path = CheckFuelPrice/Layout/Settings/Settings.storyboard; sourceTree = SOURCE_ROOT; };
		9E4A1FBC1EE0AC550044F3DD /* UserProfile.storyboard */ = {isa = PBXFileReference; fileEncoding = 4; lastKnownFileType = file.storyboard; name = UserProfile.storyboard; path = Layout/UserProfile/UserProfile.storyboard; sourceTree = "<group>"; };
		9E5C842D1EA0CC5800C7DFA7 /* Kanna.framework */ = {isa = PBXFileReference; lastKnownFileType = wrapper.framework; name = Kanna.framework; path = ../Carthage/Build/iOS/Kanna.framework; sourceTree = "<group>"; };
		9E5C842E1EA0CC5800C7DFA7 /* SwiftyBeaver.framework */ = {isa = PBXFileReference; lastKnownFileType = wrapper.framework; name = SwiftyBeaver.framework; path = ../Carthage/Build/iOS/SwiftyBeaver.framework; sourceTree = "<group>"; };
		9E5C84381EA1038E00C7DFA7 /* WSUtils.swift */ = {isa = PBXFileReference; fileEncoding = 4; lastKnownFileType = sourcecode.swift; path = WSUtils.swift; sourceTree = "<group>"; };
		9E9E7F1F1EE157370006414D /* MainTabBarViewController.swift */ = {isa = PBXFileReference; fileEncoding = 4; lastKnownFileType = sourcecode.swift; path = MainTabBarViewController.swift; sourceTree = "<group>"; };
		9EA2031C1EA0BDBB00F18A3A /* CheckFuelPrice.app */ = {isa = PBXFileReference; explicitFileType = wrapper.application; includeInIndex = 0; path = CheckFuelPrice.app; sourceTree = BUILT_PRODUCTS_DIR; };
		9EA2031F1EA0BDBB00F18A3A /* AppDelegate.swift */ = {isa = PBXFileReference; lastKnownFileType = sourcecode.swift; path = AppDelegate.swift; sourceTree = "<group>"; };
		9EA203241EA0BDBB00F18A3A /* Base */ = {isa = PBXFileReference; lastKnownFileType = file.storyboard; name = Base; path = Base.lproj/Main.storyboard; sourceTree = "<group>"; };
		9EA203261EA0BDBC00F18A3A /* Assets.xcassets */ = {isa = PBXFileReference; lastKnownFileType = folder.assetcatalog; path = Assets.xcassets; sourceTree = "<group>"; };
		9EA203291EA0BDBC00F18A3A /* Base */ = {isa = PBXFileReference; lastKnownFileType = file.storyboard; name = Base; path = Base.lproj/LaunchScreen.storyboard; sourceTree = "<group>"; };
		9EA2032B1EA0BDBC00F18A3A /* Info.plist */ = {isa = PBXFileReference; lastKnownFileType = text.plist.xml; path = Info.plist; sourceTree = "<group>"; };
		9EA203301EA0BDBC00F18A3A /* CheckFuelPriceTests.xctest */ = {isa = PBXFileReference; explicitFileType = wrapper.cfbundle; includeInIndex = 0; path = CheckFuelPriceTests.xctest; sourceTree = BUILT_PRODUCTS_DIR; };
		9EA203341EA0BDBC00F18A3A /* CheckFuelPriceTests.swift */ = {isa = PBXFileReference; lastKnownFileType = sourcecode.swift; path = CheckFuelPriceTests.swift; sourceTree = "<group>"; };
		9EA203361EA0BDBC00F18A3A /* Info.plist */ = {isa = PBXFileReference; lastKnownFileType = text.plist.xml; path = Info.plist; sourceTree = "<group>"; };
		9EA203401EA0BEA900F18A3A /* String+Extension.swift */ = {isa = PBXFileReference; fileEncoding = 4; lastKnownFileType = sourcecode.swift; path = "String+Extension.swift"; sourceTree = "<group>"; };
		9EA2035D1EA0C11500F18A3A /* Base */ = {isa = PBXFileReference; lastKnownFileType = text.plist.strings; name = Base; path = Base.lproj/Localizable.strings; sourceTree = "<group>"; };
		9EA2035F1EA0C12000F18A3A /* pl */ = {isa = PBXFileReference; lastKnownFileType = text.plist.strings; name = pl; path = pl.lproj/Localizable.strings; sourceTree = "<group>"; };
		9EA203601EA0C13A00F18A3A /* cs */ = {isa = PBXFileReference; lastKnownFileType = text.plist.strings; name = cs; path = cs.lproj/Localizable.strings; sourceTree = "<group>"; };
		9EAC4BBF1ECF0FA000F7B81B /* GoogleService-Info.plist */ = {isa = PBXFileReference; fileEncoding = 4; lastKnownFileType = text.plist.xml; path = "GoogleService-Info.plist"; sourceTree = "<group>"; };
		FF1DBEF75401F0FDC4F8B1DB /* Pods-CheckFuelPrice.release.xcconfig */ = {isa = PBXFileReference; includeInIndex = 1; lastKnownFileType = text.xcconfig; name = "Pods-CheckFuelPrice.release.xcconfig"; path = "Pods/Target Support Files/Pods-CheckFuelPrice/Pods-CheckFuelPrice.release.xcconfig"; sourceTree = "<group>"; };
/* End PBXFileReference section */

/* Begin PBXFrameworksBuildPhase section */
		9EA203191EA0BDBB00F18A3A /* Frameworks */ = {
			isa = PBXFrameworksBuildPhase;
			buildActionMask = 2147483647;
			files = (
				9E5C842F1EA0CC5800C7DFA7 /* Kanna.framework in Frameworks */,
				9E5C84311EA0CC5800C7DFA7 /* SwiftyBeaver.framework in Frameworks */,
				D18E1728AB6C0C65ECC47628 /* Pods_CheckFuelPrice.framework in Frameworks */,
			);
			runOnlyForDeploymentPostprocessing = 0;
		};
		9EA2032D1EA0BDBC00F18A3A /* Frameworks */ = {
			isa = PBXFrameworksBuildPhase;
			buildActionMask = 2147483647;
			files = (
			);
			runOnlyForDeploymentPostprocessing = 0;
		};
/* End PBXFrameworksBuildPhase section */

/* Begin PBXGroup section */
		183079A0F438299B8078558C /* Pods */ = {
			isa = PBXGroup;
			children = (
				8F946C05CD007F6243D65606 /* Pods-CheckFuelPrice.debug.xcconfig */,
				FF1DBEF75401F0FDC4F8B1DB /* Pods-CheckFuelPrice.release.xcconfig */,
			);
			name = Pods;
			sourceTree = "<group>";
		};
		9E4A1F611ED775880044F3DD /* Supporting files */ = {
			isa = PBXGroup;
			children = (
				9EA2033F1EA0BEA900F18A3A /* GlobalClassExtensions */,
				9E5C84341EA0CD4200C7DFA7 /* Carthage Frameworks */,
				9EA2032B1EA0BDBC00F18A3A /* Info.plist */,
				9E4A1F601ED775760044F3DD /* CheckFuelPrice-Bridging-Header.h */,
			);
			name = "Supporting files";
			sourceTree = "<group>";
		};
		9E4A1F6F1EDB19370044F3DD /* Controllers */ = {
			isa = PBXGroup;
			children = (
				9E4A1F701EDB19370044F3DD /* Utils.swift */,
			);
			path = Controllers;
			sourceTree = "<group>";
		};
		9E4A1F741EDC05770044F3DD /* Controllers */ = {
			isa = PBXGroup;
			children = (
				9E9E7F1F1EE157370006414D /* MainTabBarViewController.swift */,
			);
			name = Controllers;
			sourceTree = "<group>";
		};
		9E4A1F751EDC05860044F3DD /* Views */ = {
			isa = PBXGroup;
			children = (
			);
			name = Views;
			sourceTree = "<group>";
		};
		9E4A1F871EDDF3070044F3DD /* FuelInfoTab */ = {
			isa = PBXGroup;
			children = (
				9E4A1F8B1EDDF45D0044F3DD /* FuelInfoTab.storyboard */,
				9E4A1F8F1EDE0BCA0044F3DD /* Controller */,
				9E4A1F901EDE0BD60044F3DD /* Views */,
			);
			name = FuelInfoTab;
			path = Layout/FirstTabMain;
			sourceTree = "<group>";
		};
		9E4A1F881EDDF3070044F3DD /* SecondTabMain */ = {
			isa = PBXGroup;
			children = (
				9E4A1F8D1EDDF48F0044F3DD /* Statistics.storyboard */,
				9E9E7F211EE15ED70006414D /* Controllers */,
			);
			name = SecondTabMain;
			path = Layout/SecondTabMain;
			sourceTree = "<group>";
		};
		9E4A1F8F1EDE0BCA0044F3DD /* Controller */ = {
			isa = PBXGroup;
			children = (
				9E4A1F931EDE0DC70044F3DD /* FuelInfoViewController.swift */,
			);
			name = Controller;
			sourceTree = "<group>";
		};
		9E4A1F901EDE0BD60044F3DD /* Views */ = {
			isa = PBXGroup;
			children = (
				9E4A1F911EDE0C1D0044F3DD /* FuelInfoTopTableViewCell.swift */,
			);
			name = Views;
			sourceTree = "<group>";
		};
		9E4A1FB41EE0939D0044F3DD /* Settings */ = {
			isa = PBXGroup;
			children = (
				9E4A1FBA1EE0AAEC0044F3DD /* Settings.storyboard */,
				9E4A1FB61EE093AF0044F3DD /* Views */,
				9E4A1FB51EE093A80044F3DD /* Controllers */,
			);
			name = Settings;
			sourceTree = "<group>";
		};
		9E4A1FB51EE093A80044F3DD /* Controllers */ = {
			isa = PBXGroup;
			children = (
				9E4A1FB71EE093E30044F3DD /* SettingsViewController.swift */,
			);
			name = Controllers;
			sourceTree = "<group>";
		};
		9E4A1FB61EE093AF0044F3DD /* Views */ = {
			isa = PBXGroup;
			children = (
			);
			name = Views;
			sourceTree = "<group>";
		};
		9E4A1FB91EE0AA060044F3DD /* UserProfile */ = {
			isa = PBXGroup;
			children = (
				9E4A1FBC1EE0AC550044F3DD /* UserProfile.storyboard */,
			);
			name = UserProfile;
			sourceTree = "<group>";
		};
		9E51D9B81ED71B0A00C22246 /* Main */ = {
			isa = PBXGroup;
			children = (
				9EA203231EA0BDBB00F18A3A /* Main.storyboard */,
				9E4A1F741EDC05770044F3DD /* Controllers */,
				9E4A1F751EDC05860044F3DD /* Views */,
			);
			name = Main;
			sourceTree = "<group>";
		};
		9E51D9B91ED71B1E00C22246 /* LaunchScreen */ = {
			isa = PBXGroup;
			children = (
				9EA203281EA0BDBC00F18A3A /* LaunchScreen.storyboard */,
			);
			name = LaunchScreen;
			sourceTree = "<group>";
		};
		9E51D9BC1ED7249400C22246 /* Model */ = {
			isa = PBXGroup;
			children = (
				9E4A1F651ED9DEAA0044F3DD /* CFPEnumerators.swift */,
				9E4A1F5A1ED773210044F3DD /* FuelPriceItem.swift */,
				9E4A1F671ED9E34C0044F3DD /* FuelType.swift */,
			);
			path = Model;
			sourceTree = "<group>";
		};
		9E5C84341EA0CD4200C7DFA7 /* Carthage Frameworks */ = {
			isa = PBXGroup;
			children = (
				9E5C842D1EA0CC5800C7DFA7 /* Kanna.framework */,
				9E5C842E1EA0CC5800C7DFA7 /* SwiftyBeaver.framework */,
			);
			name = "Carthage Frameworks";
			sourceTree = "<group>";
		};
		9E9E7F211EE15ED70006414D /* Controllers */ = {
			isa = PBXGroup;
			children = (
			);
			name = Controllers;
			sourceTree = "<group>";
		};
		9EA203131EA0BDBB00F18A3A = {
			isa = PBXGroup;
			children = (
				9EA2031E1EA0BDBB00F18A3A /* CheckFuelPrice */,
				9EA203331EA0BDBC00F18A3A /* CheckFuelPriceTests */,
				9EA2031D1EA0BDBB00F18A3A /* Products */,
				183079A0F438299B8078558C /* Pods */,
				A6AEF3500C8307DE7A3ABB81 /* Frameworks */,
			);
			sourceTree = "<group>";
		};
		9EA2031D1EA0BDBB00F18A3A /* Products */ = {
			isa = PBXGroup;
			children = (
				9EA2031C1EA0BDBB00F18A3A /* CheckFuelPrice.app */,
				9EA203301EA0BDBC00F18A3A /* CheckFuelPriceTests.xctest */,
			);
			name = Products;
			sourceTree = "<group>";
		};
		9EA2031E1EA0BDBB00F18A3A /* CheckFuelPrice */ = {
			isa = PBXGroup;
			children = (
				9E4A1F611ED775880044F3DD /* Supporting files */,
				9EA203551EA0BEF700F18A3A /* Internationalization */,
				9E4A1F6F1EDB19370044F3DD /* Controllers */,
				9E51D9BC1ED7249400C22246 /* Model */,
				9EA203541EA0BED400F18A3A /* Layout */,
				9EA203571EA0BF3A00F18A3A /* AppDelegates */,
				9EA203261EA0BDBC00F18A3A /* Assets.xcassets */,
			);
			path = CheckFuelPrice;
			sourceTree = "<group>";
		};
		9EA203331EA0BDBC00F18A3A /* CheckFuelPriceTests */ = {
			isa = PBXGroup;
			children = (
				9EA203341EA0BDBC00F18A3A /* CheckFuelPriceTests.swift */,
				9EA203361EA0BDBC00F18A3A /* Info.plist */,
			);
			path = CheckFuelPriceTests;
			sourceTree = "<group>";
		};
		9EA2033F1EA0BEA900F18A3A /* GlobalClassExtensions */ = {
			isa = PBXGroup;
			children = (
				9EA203401EA0BEA900F18A3A /* String+Extension.swift */,
				9E4A1F721EDB22D90044F3DD /* Double+Extension.swift */,
				9E4A1F971EDEFF240044F3DD /* Enum+Extensions.swift */,
				9E5C84381EA1038E00C7DFA7 /* WSUtils.swift */,
			);
			path = GlobalClassExtensions;
			sourceTree = "<group>";
		};
		9EA203541EA0BED400F18A3A /* Layout */ = {
			isa = PBXGroup;
			children = (
				9E4A1FB91EE0AA060044F3DD /* UserProfile */,
				9E4A1FB41EE0939D0044F3DD /* Settings */,
				9E4A1F871EDDF3070044F3DD /* FuelInfoTab */,
				9E4A1F881EDDF3070044F3DD /* SecondTabMain */,
				9E51D9B81ED71B0A00C22246 /* Main */,
				9E51D9B91ED71B1E00C22246 /* LaunchScreen */,
			);
			name = Layout;
			sourceTree = "<group>";
		};
		9EA203551EA0BEF700F18A3A /* Internationalization */ = {
			isa = PBXGroup;
			children = (
				9EA2035E1EA0C11500F18A3A /* Localizable.strings */,
			);
			path = Internationalization;
			sourceTree = "<group>";
		};
		9EA203571EA0BF3A00F18A3A /* AppDelegates */ = {
			isa = PBXGroup;
			children = (
				9EAC4BBF1ECF0FA000F7B81B /* GoogleService-Info.plist */,
				9EA2031F1EA0BDBB00F18A3A /* AppDelegate.swift */,
			);
			name = AppDelegates;
			sourceTree = "<group>";
		};
		A6AEF3500C8307DE7A3ABB81 /* Frameworks */ = {
			isa = PBXGroup;
			children = (
				37FDA4F736424C282B0BB13B /* Pods_CheckFuelPrice.framework */,
			);
			name = Frameworks;
			sourceTree = "<group>";
		};
/* End PBXGroup section */

/* Begin PBXNativeTarget section */
		9EA2031B1EA0BDBB00F18A3A /* CheckFuelPrice */ = {
			isa = PBXNativeTarget;
			buildConfigurationList = 9EA203391EA0BDBC00F18A3A /* Build configuration list for PBXNativeTarget "CheckFuelPrice" */;
			buildPhases = (
				F1070182D677C2A439CC6546 /* [CP] Check Pods Manifest.lock */,
				9EA203181EA0BDBB00F18A3A /* Sources */,
				9EA203191EA0BDBB00F18A3A /* Frameworks */,
				9EA2031A1EA0BDBB00F18A3A /* Resources */,
				9E5C84331EA0CC5800C7DFA7 /* Embed Frameworks */,
				605A275EA21D76D79EA78F84 /* [CP] Embed Pods Frameworks */,
				92CAE1A431714AC6396D8CCA /* [CP] Copy Pods Resources */,
			);
			buildRules = (
			);
			dependencies = (
			);
			name = CheckFuelPrice;
			productName = CheckFuelPrice;
			productReference = 9EA2031C1EA0BDBB00F18A3A /* CheckFuelPrice.app */;
			productType = "com.apple.product-type.application";
		};
		9EA2032F1EA0BDBC00F18A3A /* CheckFuelPriceTests */ = {
			isa = PBXNativeTarget;
			buildConfigurationList = 9EA2033C1EA0BDBC00F18A3A /* Build configuration list for PBXNativeTarget "CheckFuelPriceTests" */;
			buildPhases = (
				9EA2032C1EA0BDBC00F18A3A /* Sources */,
				9EA2032D1EA0BDBC00F18A3A /* Frameworks */,
				9EA2032E1EA0BDBC00F18A3A /* Resources */,
			);
			buildRules = (
			);
			dependencies = (
				9EA203321EA0BDBC00F18A3A /* PBXTargetDependency */,
			);
			name = CheckFuelPriceTests;
			productName = CheckFuelPriceTests;
			productReference = 9EA203301EA0BDBC00F18A3A /* CheckFuelPriceTests.xctest */;
			productType = "com.apple.product-type.bundle.unit-test";
		};
/* End PBXNativeTarget section */

/* Begin PBXProject section */
		9EA203141EA0BDBB00F18A3A /* Project object */ = {
			isa = PBXProject;
			attributes = {
				LastSwiftUpdateCheck = 0830;
				LastUpgradeCheck = 0830;
				ORGANIZATIONNAME = "Wojciech Stejka";
				TargetAttributes = {
					9EA2031B1EA0BDBB00F18A3A = {
						CreatedOnToolsVersion = 8.3.1;
						DevelopmentTeam = 49Y3335455;
						LastSwiftMigration = 0830;
						ProvisioningStyle = Automatic;
					};
					9EA2032F1EA0BDBC00F18A3A = {
						CreatedOnToolsVersion = 8.3.1;
						DevelopmentTeam = Y9H7EALLGQ;
						ProvisioningStyle = Automatic;
						TestTargetID = 9EA2031B1EA0BDBB00F18A3A;
					};
				};
			};
			buildConfigurationList = 9EA203171EA0BDBB00F18A3A /* Build configuration list for PBXProject "CheckFuelPrice" */;
			compatibilityVersion = "Xcode 3.2";
			developmentRegion = English;
			hasScannedForEncodings = 0;
			knownRegions = (
				en,
				Base,
				pl,
				cs,
			);
			mainGroup = 9EA203131EA0BDBB00F18A3A;
			productRefGroup = 9EA2031D1EA0BDBB00F18A3A /* Products */;
			projectDirPath = "";
			projectRoot = "";
			targets = (
				9EA2031B1EA0BDBB00F18A3A /* CheckFuelPrice */,
				9EA2032F1EA0BDBC00F18A3A /* CheckFuelPriceTests */,
			);
		};
/* End PBXProject section */

/* Begin PBXResourcesBuildPhase section */
		9EA2031A1EA0BDBB00F18A3A /* Resources */ = {
			isa = PBXResourcesBuildPhase;
			buildActionMask = 2147483647;
			files = (
				9EA2032A1EA0BDBC00F18A3A /* LaunchScreen.storyboard in Resources */,
				9EA2035C1EA0C11500F18A3A /* Localizable.strings in Resources */,
				9EAC4BC01ECF0FA000F7B81B /* GoogleService-Info.plist in Resources */,
				9E4A1FBD1EE0AC550044F3DD /* UserProfile.storyboard in Resources */,
				9E4A1FBB1EE0AAEC0044F3DD /* Settings.storyboard in Resources */,
				9E4A1F8C1EDDF45D0044F3DD /* FuelInfoTab.storyboard in Resources */,
				9EA203271EA0BDBC00F18A3A /* Assets.xcassets in Resources */,
				9EA203251EA0BDBB00F18A3A /* Main.storyboard in Resources */,
				9E4A1F8E1EDDF48F0044F3DD /* Statistics.storyboard in Resources */,
			);
			runOnlyForDeploymentPostprocessing = 0;
		};
		9EA2032E1EA0BDBC00F18A3A /* Resources */ = {
			isa = PBXResourcesBuildPhase;
			buildActionMask = 2147483647;
			files = (
			);
			runOnlyForDeploymentPostprocessing = 0;
		};
/* End PBXResourcesBuildPhase section */

/* Begin PBXShellScriptBuildPhase section */
		605A275EA21D76D79EA78F84 /* [CP] Embed Pods Frameworks */ = {
			isa = PBXShellScriptBuildPhase;
			buildActionMask = 2147483647;
			files = (
			);
			inputPaths = (
			);
			name = "[CP] Embed Pods Frameworks";
			outputPaths = (
			);
			runOnlyForDeploymentPostprocessing = 0;
			shellPath = /bin/sh;
			shellScript = "\"${SRCROOT}/Pods/Target Support Files/Pods-CheckFuelPrice/Pods-CheckFuelPrice-frameworks.sh\"\n";
			showEnvVarsInLog = 0;
		};
		92CAE1A431714AC6396D8CCA /* [CP] Copy Pods Resources */ = {
			isa = PBXShellScriptBuildPhase;
			buildActionMask = 2147483647;
			files = (
			);
			inputPaths = (
			);
			name = "[CP] Copy Pods Resources";
			outputPaths = (
			);
			runOnlyForDeploymentPostprocessing = 0;
			shellPath = /bin/sh;
			shellScript = "\"${SRCROOT}/Pods/Target Support Files/Pods-CheckFuelPrice/Pods-CheckFuelPrice-resources.sh\"\n";
			showEnvVarsInLog = 0;
		};
		F1070182D677C2A439CC6546 /* [CP] Check Pods Manifest.lock */ = {
			isa = PBXShellScriptBuildPhase;
			buildActionMask = 2147483647;
			files = (
			);
			inputPaths = (
			);
			name = "[CP] Check Pods Manifest.lock";
			outputPaths = (
			);
			runOnlyForDeploymentPostprocessing = 0;
			shellPath = /bin/sh;
			shellScript = "diff \"${PODS_PODFILE_DIR_PATH}/Podfile.lock\" \"${PODS_ROOT}/Manifest.lock\" > /dev/null\nif [ $? != 0 ] ; then\n    # print error to STDERR\n    echo \"error: The sandbox is not in sync with the Podfile.lock. Run 'pod install' or update your CocoaPods installation.\" >&2\n    exit 1\nfi\n";
			showEnvVarsInLog = 0;
		};
/* End PBXShellScriptBuildPhase section */

/* Begin PBXSourcesBuildPhase section */
		9EA203181EA0BDBB00F18A3A /* Sources */ = {
			isa = PBXSourcesBuildPhase;
			buildActionMask = 2147483647;
			files = (
				9E4A1F711EDB19370044F3DD /* Utils.swift in Sources */,
				9E4A1F921EDE0C1D0044F3DD /* FuelInfoTopTableViewCell.swift in Sources */,
				9EA203411EA0BEA900F18A3A /* String+Extension.swift in Sources */,
				9E4A1FB81EE093E30044F3DD /* SettingsViewController.swift in Sources */,
				9E4A1F661ED9DEAA0044F3DD /* CFPEnumerators.swift in Sources */,
				9E4A1F941EDE0DC70044F3DD /* FuelInfoViewController.swift in Sources */,
				9E5C84391EA1038E00C7DFA7 /* WSUtils.swift in Sources */,
				9E9E7F201EE157370006414D /* MainTabBarViewController.swift in Sources */,
				9EA203201EA0BDBB00F18A3A /* AppDelegate.swift in Sources */,
				9E4A1F5B1ED773210044F3DD /* FuelPriceItem.swift in Sources */,
				9E4A1F731EDB22D90044F3DD /* Double+Extension.swift in Sources */,
				9E4A1F681ED9E34C0044F3DD /* FuelType.swift in Sources */,
				9E4A1F981EDEFF240044F3DD /* Enum+Extensions.swift in Sources */,
			);
			runOnlyForDeploymentPostprocessing = 0;
		};
		9EA2032C1EA0BDBC00F18A3A /* Sources */ = {
			isa = PBXSourcesBuildPhase;
			buildActionMask = 2147483647;
			files = (
				9EA203351EA0BDBC00F18A3A /* CheckFuelPriceTests.swift in Sources */,
			);
			runOnlyForDeploymentPostprocessing = 0;
		};
/* End PBXSourcesBuildPhase section */

/* Begin PBXTargetDependency section */
		9EA203321EA0BDBC00F18A3A /* PBXTargetDependency */ = {
			isa = PBXTargetDependency;
			target = 9EA2031B1EA0BDBB00F18A3A /* CheckFuelPrice */;
			targetProxy = 9EA203311EA0BDBC00F18A3A /* PBXContainerItemProxy */;
		};
/* End PBXTargetDependency section */

/* Begin PBXVariantGroup section */
		9EA203231EA0BDBB00F18A3A /* Main.storyboard */ = {
			isa = PBXVariantGroup;
			children = (
				9EA203241EA0BDBB00F18A3A /* Base */,
			);
			name = Main.storyboard;
			sourceTree = "<group>";
		};
		9EA203281EA0BDBC00F18A3A /* LaunchScreen.storyboard */ = {
			isa = PBXVariantGroup;
			children = (
				9EA203291EA0BDBC00F18A3A /* Base */,
			);
			name = LaunchScreen.storyboard;
			sourceTree = "<group>";
		};
		9EA2035E1EA0C11500F18A3A /* Localizable.strings */ = {
			isa = PBXVariantGroup;
			children = (
				9EA2035D1EA0C11500F18A3A /* Base */,
				9EA2035F1EA0C12000F18A3A /* pl */,
				9EA203601EA0C13A00F18A3A /* cs */,
			);
			name = Localizable.strings;
			sourceTree = "<group>";
		};
/* End PBXVariantGroup section */

/* Begin XCBuildConfiguration section */
		9EA203371EA0BDBC00F18A3A /* Debug */ = {
			isa = XCBuildConfiguration;
			buildSettings = {
				ALWAYS_SEARCH_USER_PATHS = NO;
				CLANG_ANALYZER_LOCALIZABILITY_NONLOCALIZED = YES;
				CLANG_ANALYZER_NONNULL = YES;
				CLANG_ANALYZER_NUMBER_OBJECT_CONVERSION = YES_AGGRESSIVE;
				CLANG_CXX_LANGUAGE_STANDARD = "gnu++0x";
				CLANG_CXX_LIBRARY = "libc++";
				CLANG_ENABLE_MODULES = YES;
				CLANG_ENABLE_OBJC_ARC = YES;
				CLANG_WARN_BOOL_CONVERSION = YES;
				CLANG_WARN_CONSTANT_CONVERSION = YES;
				CLANG_WARN_DIRECT_OBJC_ISA_USAGE = YES_ERROR;
				CLANG_WARN_DOCUMENTATION_COMMENTS = YES;
				CLANG_WARN_EMPTY_BODY = YES;
				CLANG_WARN_ENUM_CONVERSION = YES;
				CLANG_WARN_INFINITE_RECURSION = YES;
				CLANG_WARN_INT_CONVERSION = YES;
				CLANG_WARN_OBJC_ROOT_CLASS = YES_ERROR;
				CLANG_WARN_SUSPICIOUS_MOVE = YES;
				CLANG_WARN_UNREACHABLE_CODE = YES;
				CLANG_WARN__DUPLICATE_METHOD_MATCH = YES;
				"CODE_SIGN_IDENTITY[sdk=iphoneos*]" = "iPhone Developer";
				COPY_PHASE_STRIP = NO;
				DEBUG_INFORMATION_FORMAT = dwarf;
				ENABLE_STRICT_OBJC_MSGSEND = YES;
				ENABLE_TESTABILITY = YES;
				GCC_C_LANGUAGE_STANDARD = gnu99;
				GCC_DYNAMIC_NO_PIC = NO;
				GCC_NO_COMMON_BLOCKS = YES;
				GCC_OPTIMIZATION_LEVEL = 0;
				GCC_PREPROCESSOR_DEFINITIONS = (
					"DEBUG=1",
					"$(inherited)",
				);
				GCC_WARN_64_TO_32_BIT_CONVERSION = YES;
				GCC_WARN_ABOUT_RETURN_TYPE = YES_ERROR;
				GCC_WARN_UNDECLARED_SELECTOR = YES;
				GCC_WARN_UNINITIALIZED_AUTOS = YES_AGGRESSIVE;
				GCC_WARN_UNUSED_FUNCTION = YES;
				GCC_WARN_UNUSED_VARIABLE = YES;
				IPHONEOS_DEPLOYMENT_TARGET = 10.3;
				MTL_ENABLE_DEBUG_INFO = YES;
				ONLY_ACTIVE_ARCH = YES;
				SDKROOT = iphoneos;
				SWIFT_ACTIVE_COMPILATION_CONDITIONS = DEBUG;
				SWIFT_OPTIMIZATION_LEVEL = "-Onone";
			};
			name = Debug;
		};
		9EA203381EA0BDBC00F18A3A /* Release */ = {
			isa = XCBuildConfiguration;
			buildSettings = {
				ALWAYS_SEARCH_USER_PATHS = NO;
				CLANG_ANALYZER_LOCALIZABILITY_NONLOCALIZED = YES;
				CLANG_ANALYZER_NONNULL = YES;
				CLANG_ANALYZER_NUMBER_OBJECT_CONVERSION = YES_AGGRESSIVE;
				CLANG_CXX_LANGUAGE_STANDARD = "gnu++0x";
				CLANG_CXX_LIBRARY = "libc++";
				CLANG_ENABLE_MODULES = YES;
				CLANG_ENABLE_OBJC_ARC = YES;
				CLANG_WARN_BOOL_CONVERSION = YES;
				CLANG_WARN_CONSTANT_CONVERSION = YES;
				CLANG_WARN_DIRECT_OBJC_ISA_USAGE = YES_ERROR;
				CLANG_WARN_DOCUMENTATION_COMMENTS = YES;
				CLANG_WARN_EMPTY_BODY = YES;
				CLANG_WARN_ENUM_CONVERSION = YES;
				CLANG_WARN_INFINITE_RECURSION = YES;
				CLANG_WARN_INT_CONVERSION = YES;
				CLANG_WARN_OBJC_ROOT_CLASS = YES_ERROR;
				CLANG_WARN_SUSPICIOUS_MOVE = YES;
				CLANG_WARN_UNREACHABLE_CODE = YES;
				CLANG_WARN__DUPLICATE_METHOD_MATCH = YES;
				"CODE_SIGN_IDENTITY[sdk=iphoneos*]" = "iPhone Developer";
				COPY_PHASE_STRIP = NO;
				DEBUG_INFORMATION_FORMAT = "dwarf-with-dsym";
				ENABLE_NS_ASSERTIONS = NO;
				ENABLE_STRICT_OBJC_MSGSEND = YES;
				GCC_C_LANGUAGE_STANDARD = gnu99;
				GCC_NO_COMMON_BLOCKS = YES;
				GCC_WARN_64_TO_32_BIT_CONVERSION = YES;
				GCC_WARN_ABOUT_RETURN_TYPE = YES_ERROR;
				GCC_WARN_UNDECLARED_SELECTOR = YES;
				GCC_WARN_UNINITIALIZED_AUTOS = YES_AGGRESSIVE;
				GCC_WARN_UNUSED_FUNCTION = YES;
				GCC_WARN_UNUSED_VARIABLE = YES;
				IPHONEOS_DEPLOYMENT_TARGET = 10.3;
				MTL_ENABLE_DEBUG_INFO = NO;
				SDKROOT = iphoneos;
				SWIFT_OPTIMIZATION_LEVEL = "-Owholemodule";
				VALIDATE_PRODUCT = YES;
			};
			name = Release;
		};
		9EA2033A1EA0BDBC00F18A3A /* Debug */ = {
			isa = XCBuildConfiguration;
			baseConfigurationReference = 8F946C05CD007F6243D65606 /* Pods-CheckFuelPrice.debug.xcconfig */;
			buildSettings = {
				ASSETCATALOG_COMPILER_APPICON_NAME = AppIcon;
				CLANG_ENABLE_MODULES = YES;
				"CODE_SIGN_IDENTITY[sdk=iphoneos*]" = "iPhone Developer";
				DEVELOPMENT_TEAM = 49Y3335455;
				FRAMEWORK_SEARCH_PATHS = (
					"$(inherited)",
					"$(PROJECT_DIR)/Carthage/Build/iOS",
				);
				HEADER_SEARCH_PATHS = (
					"$(SDKROOT)/usr/include/libxml2",
					"$(inherited)",
					"${PODS_ROOT}/Firebase/Core/Sources",
					"$(inherited)",
					"\"${PODS_ROOT}/Headers/Public\"",
					"\"${PODS_ROOT}/Headers/Public/Firebase\"",
					"\"${PODS_ROOT}/Headers/Public/FirebaseAnalytics\"",
					"\"${PODS_ROOT}/Headers/Public/FirebaseAuth\"",
					"\"${PODS_ROOT}/Headers/Public/FirebaseCore\"",
					"\"${PODS_ROOT}/Headers/Public/FirebaseDatabase\"",
					"\"${PODS_ROOT}/Headers/Public/FirebaseInstanceID\"",
				);
				INFOPLIST_FILE = CheckFuelPrice/Info.plist;
				LD_RUNPATH_SEARCH_PATHS = "$(inherited) @executable_path/Frameworks";
				PRODUCT_BUNDLE_IDENTIFIER = com.wstejka.ios.CheckFuelPrice;
				PRODUCT_NAME = "$(TARGET_NAME)";
				PROVISIONING_PROFILE_SPECIFIER = "";
				SWIFT_OBJC_BRIDGING_HEADER = "CheckFuelPrice/CheckFuelPrice-Bridging-Header.h";
				SWIFT_OPTIMIZATION_LEVEL = "-Onone";
				SWIFT_VERSION = 3.0;
			};
			name = Debug;
		};
		9EA2033B1EA0BDBC00F18A3A /* Release */ = {
			isa = XCBuildConfiguration;
			baseConfigurationReference = FF1DBEF75401F0FDC4F8B1DB /* Pods-CheckFuelPrice.release.xcconfig */;
			buildSettings = {
				ASSETCATALOG_COMPILER_APPICON_NAME = AppIcon;
				CLANG_ENABLE_MODULES = YES;
				"CODE_SIGN_IDENTITY[sdk=iphoneos*]" = "iPhone Developer";
				DEVELOPMENT_TEAM = 49Y3335455;
				FRAMEWORK_SEARCH_PATHS = (
					"$(inherited)",
					"$(PROJECT_DIR)/Carthage/Build/iOS",
				);
				HEADER_SEARCH_PATHS = (
					"$(SDKROOT)/usr/include/libxml2",
					"$(inherited)",
					"${PODS_ROOT}/Firebase/Core/Sources",
					"$(inherited)",
					"\"${PODS_ROOT}/Headers/Public\"",
					"\"${PODS_ROOT}/Headers/Public/Firebase\"",
					"\"${PODS_ROOT}/Headers/Public/FirebaseAnalytics\"",
					"\"${PODS_ROOT}/Headers/Public/FirebaseAuth\"",
					"\"${PODS_ROOT}/Headers/Public/FirebaseCore\"",
					"\"${PODS_ROOT}/Headers/Public/FirebaseDatabase\"",
					"\"${PODS_ROOT}/Headers/Public/FirebaseInstanceID\"",
				);
				INFOPLIST_FILE = CheckFuelPrice/Info.plist;
				LD_RUNPATH_SEARCH_PATHS = "$(inherited) @executable_path/Frameworks";
				PRODUCT_BUNDLE_IDENTIFIER = com.wstejka.ios.CheckFuelPrice;
				PRODUCT_NAME = "$(TARGET_NAME)";
				PROVISIONING_PROFILE_SPECIFIER = "";
				SWIFT_OBJC_BRIDGING_HEADER = "CheckFuelPrice/CheckFuelPrice-Bridging-Header.h";
				SWIFT_VERSION = 3.0;
			};
			name = Release;
		};
		9EA2033D1EA0BDBC00F18A3A /* Debug */ = {
			isa = XCBuildConfiguration;
			buildSettings = {
				ALWAYS_EMBED_SWIFT_STANDARD_LIBRARIES = YES;
				BUNDLE_LOADER = "$(TEST_HOST)";
				DEVELOPMENT_TEAM = Y9H7EALLGQ;
				INFOPLIST_FILE = CheckFuelPriceTests/Info.plist;
				LD_RUNPATH_SEARCH_PATHS = "$(inherited) @executable_path/Frameworks @loader_path/Frameworks";
				PRODUCT_BUNDLE_IDENTIFIER = wstejka.com.CheckFuelPriceTests;
				PRODUCT_NAME = "$(TARGET_NAME)";
				SWIFT_VERSION = 3.0;
				TEST_HOST = "$(BUILT_PRODUCTS_DIR)/CheckFuelPrice.app/CheckFuelPrice";
			};
			name = Debug;
		};
		9EA2033E1EA0BDBC00F18A3A /* Release */ = {
			isa = XCBuildConfiguration;
			buildSettings = {
				ALWAYS_EMBED_SWIFT_STANDARD_LIBRARIES = YES;
				BUNDLE_LOADER = "$(TEST_HOST)";
				DEVELOPMENT_TEAM = Y9H7EALLGQ;
				INFOPLIST_FILE = CheckFuelPriceTests/Info.plist;
				LD_RUNPATH_SEARCH_PATHS = "$(inherited) @executable_path/Frameworks @loader_path/Frameworks";
				PRODUCT_BUNDLE_IDENTIFIER = wstejka.com.CheckFuelPriceTests;
				PRODUCT_NAME = "$(TARGET_NAME)";
				SWIFT_VERSION = 3.0;
				TEST_HOST = "$(BUILT_PRODUCTS_DIR)/CheckFuelPrice.app/CheckFuelPrice";
			};
			name = Release;
		};
/* End XCBuildConfiguration section */

/* Begin XCConfigurationList section */
		9EA203171EA0BDBB00F18A3A /* Build configuration list for PBXProject "CheckFuelPrice" */ = {
			isa = XCConfigurationList;
			buildConfigurations = (
				9EA203371EA0BDBC00F18A3A /* Debug */,
				9EA203381EA0BDBC00F18A3A /* Release */,
			);
			defaultConfigurationIsVisible = 0;
			defaultConfigurationName = Release;
		};
		9EA203391EA0BDBC00F18A3A /* Build configuration list for PBXNativeTarget "CheckFuelPrice" */ = {
			isa = XCConfigurationList;
			buildConfigurations = (
				9EA2033A1EA0BDBC00F18A3A /* Debug */,
				9EA2033B1EA0BDBC00F18A3A /* Release */,
			);
			defaultConfigurationIsVisible = 0;
			defaultConfigurationName = Release;
		};
		9EA2033C1EA0BDBC00F18A3A /* Build configuration list for PBXNativeTarget "CheckFuelPriceTests" */ = {
			isa = XCConfigurationList;
			buildConfigurations = (
				9EA2033D1EA0BDBC00F18A3A /* Debug */,
				9EA2033E1EA0BDBC00F18A3A /* Release */,
			);
			defaultConfigurationIsVisible = 0;
			defaultConfigurationName = Release;
		};
/* End XCConfigurationList section */
	};
	rootObject = 9EA203141EA0BDBB00F18A3A /* Project object */;
}
